
Microsoft Visual Studio Solution File, Format Version 12.00
# Visual Studio Version 17
VisualStudioVersion = 17.0.31521.260
MinimumVisualStudioVersion = 10.0.40219.1
Project("{FAE04EC0-301F-11D3-BF4B-00C04F79EFBC}") = "Parking", "Parking\Parking.csproj", "{AB92155A-6A15-4CC0-BFFE-E84E948B43A1}"
EndProject
Global
	GlobalSection(SolutionConfigurationPlatforms) = preSolution
		Debug|Any CPU = Debug|Any CPU
		Release|Any CPU = Release|Any CPU
	EndGlobalSection
	GlobalSection(ProjectConfigurationPlatforms) = postSolution
		{AB92155A-6A15-4CC0-BFFE-E84E948B43A1}.Debug|Any CPU.ActiveCfg = Debug|Any CPU
		{AB92155A-6A15-4CC0-BFFE-E84E948B43A1}.Debug|Any CPU.Build.0 = Debug|Any CPU
		{AB92155A-6A15-4CC0-BFFE-E84E948B43A1}.Release|Any CPU.ActiveCfg = Release|Any CPU
		{AB92155A-6A15-4CC0-BFFE-E84E948B43A1}.Release|Any CPU.Build.0 = Release|Any CPU
	EndGlobalSection
	GlobalSection(SolutionProperties) = preSolution
		HideSolutionNode = FALSE
	EndGlobalSection
	GlobalSection(ExtensibilityGlobals) = postSolution
		SolutionGuid = {46E2CF1F-97F8-441C-9D00-C7B416A2DC3C}
	EndGlobalSection
EndGlobal
