
Microsoft Visual Studio Solution File, Format Version 12.00
# Visual Studio Version 17
VisualStudioVersion = 17.1.31903.286
MinimumVisualStudioVersion = 10.0.40219.1
Project("{9A19103F-16F7-4668-BE54-9A1E7A4F7556}") = "Server", "Server\Server.csproj", "{F7D54D81-9FD4-4DE2-AA83-E1B4C2E62793}"
EndProject
Project("{9A19103F-16F7-4668-BE54-9A1E7A4F7556}") = "Client", "test\Client.csproj", "{F1E3739D-DDAB-4D60-9E01-DB912E1090BF}"
EndProject
Global
	GlobalSection(SolutionConfigurationPlatforms) = preSolution
		Debug|Any CPU = Debug|Any CPU
		Release|Any CPU = Release|Any CPU
	EndGlobalSection
	GlobalSection(ProjectConfigurationPlatforms) = postSolution
		{F7D54D81-9FD4-4DE2-AA83-E1B4C2E62793}.Debug|Any CPU.ActiveCfg = Debug|Any CPU
		{F7D54D81-9FD4-4DE2-AA83-E1B4C2E62793}.Debug|Any CPU.Build.0 = Debug|Any CPU
		{F7D54D81-9FD4-4DE2-AA83-E1B4C2E62793}.Release|Any CPU.ActiveCfg = Release|Any CPU
		{F7D54D81-9FD4-4DE2-AA83-E1B4C2E62793}.Release|Any CPU.Build.0 = Release|Any CPU
		{F1E3739D-DDAB-4D60-9E01-DB912E1090BF}.Debug|Any CPU.ActiveCfg = Debug|Any CPU
		{F1E3739D-DDAB-4D60-9E01-DB912E1090BF}.Debug|Any CPU.Build.0 = Debug|Any CPU
		{F1E3739D-DDAB-4D60-9E01-DB912E1090BF}.Release|Any CPU.ActiveCfg = Release|Any CPU
		{F1E3739D-DDAB-4D60-9E01-DB912E1090BF}.Release|Any CPU.Build.0 = Release|Any CPU
	EndGlobalSection
	GlobalSection(SolutionProperties) = preSolution
		HideSolutionNode = FALSE
	EndGlobalSection
	GlobalSection(ExtensibilityGlobals) = postSolution
		SolutionGuid = {3BB1E573-37B9-4380-AD47-69B5A0833CD7}
	EndGlobalSection
EndGlobal
