
Microsoft Visual Studio Solution File, Format Version 12.00
# Visual Studio Version 16
VisualStudioVersion = 25.0.1706.4
MinimumVisualStudioVersion = 10.0.40219.1
Project("{FAE04EC0-301F-11D3-BF4B-00C04F79EFBC}") = "Trens", "Trens.csproj", "{2E79F5B9-605D-4BEA-BE37-BE62866FAE9E}"
EndProject
Global
	GlobalSection(SolutionConfigurationPlatforms) = preSolution
		Debug|Any CPU = Debug|Any CPU
		Release|Any CPU = Release|Any CPU
	EndGlobalSection
	GlobalSection(ProjectConfigurationPlatforms) = postSolution
		{2E79F5B9-605D-4BEA-BE37-BE62866FAE9E}.Debug|Any CPU.ActiveCfg = Debug|Any CPU
		{2E79F5B9-605D-4BEA-BE37-BE62866FAE9E}.Debug|Any CPU.Build.0 = Debug|Any CPU
		{2E79F5B9-605D-4BEA-BE37-BE62866FAE9E}.Release|Any CPU.ActiveCfg = Release|Any CPU
		{2E79F5B9-605D-4BEA-BE37-BE62866FAE9E}.Release|Any CPU.Build.0 = Release|Any CPU
	EndGlobalSection
	GlobalSection(SolutionProperties) = preSolution
		HideSolutionNode = FALSE
	EndGlobalSection
	GlobalSection(ExtensibilityGlobals) = postSolution
		SolutionGuid = {F9BC5EE3-780C-4FAD-BFAA-5A388BC133A1}
	EndGlobalSection
EndGlobal
