
Microsoft Visual Studio Solution File, Format Version 12.00
# Visual Studio Version 16
VisualStudioVersion = 25.0.1706.4
MinimumVisualStudioVersion = 10.0.40219.1
Project("{FAE04EC0-301F-11D3-BF4B-00C04F79EFBC}") = "Test", "Test\Test.csproj", "{702C0F3B-779A-4E92-BABE-459A6E9F19F0}"
EndProject
Global
	GlobalSection(SolutionConfigurationPlatforms) = preSolution
		Debug|Any CPU = Debug|Any CPU
		Release|Any CPU = Release|Any CPU
	EndGlobalSection
	GlobalSection(ProjectConfigurationPlatforms) = postSolution
		{702C0F3B-779A-4E92-BABE-459A6E9F19F0}.Debug|Any CPU.ActiveCfg = Debug|Any CPU
		{702C0F3B-779A-4E92-BABE-459A6E9F19F0}.Debug|Any CPU.Build.0 = Debug|Any CPU
		{702C0F3B-779A-4E92-BABE-459A6E9F19F0}.Release|Any CPU.ActiveCfg = Release|Any CPU
		{702C0F3B-779A-4E92-BABE-459A6E9F19F0}.Release|Any CPU.Build.0 = Release|Any CPU
	EndGlobalSection
	GlobalSection(SolutionProperties) = preSolution
		HideSolutionNode = FALSE
	EndGlobalSection
	GlobalSection(ExtensibilityGlobals) = postSolution
		SolutionGuid = {43350D4E-CBF9-4F4D-B6EA-39BF69F88B55}
	EndGlobalSection
EndGlobal
