
Microsoft Visual Studio Solution File, Format Version 12.00
# Visual Studio Version 16
VisualStudioVersion = 25.0.1706.4
MinimumVisualStudioVersion = 10.0.40219.1
Project("{FAE04EC0-301F-11D3-BF4B-00C04F79EFBC}") = "ComparadorTiempos", "ComparadorTiempos.csproj", "{6BF2918A-1C5F-4DAC-8949-E1D11E152727}"
EndProject
Global
	GlobalSection(SolutionConfigurationPlatforms) = preSolution
		Debug|Any CPU = Debug|Any CPU
		Release|Any CPU = Release|Any CPU
	EndGlobalSection
	GlobalSection(ProjectConfigurationPlatforms) = postSolution
		{6BF2918A-1C5F-4DAC-8949-E1D11E152727}.Debug|Any CPU.ActiveCfg = Debug|Any CPU
		{6BF2918A-1C5F-4DAC-8949-E1D11E152727}.Debug|Any CPU.Build.0 = Debug|Any CPU
		{6BF2918A-1C5F-4DAC-8949-E1D11E152727}.Release|Any CPU.ActiveCfg = Release|Any CPU
		{6BF2918A-1C5F-4DAC-8949-E1D11E152727}.Release|Any CPU.Build.0 = Release|Any CPU
	EndGlobalSection
	GlobalSection(SolutionProperties) = preSolution
		HideSolutionNode = FALSE
	EndGlobalSection
	GlobalSection(ExtensibilityGlobals) = postSolution
		SolutionGuid = {5FF30794-C0F6-4543-B90F-6B149DFE8B6E}
	EndGlobalSection
EndGlobal
