
Microsoft Visual Studio Solution File, Format Version 12.00
# Visual Studio Version 16
VisualStudioVersion = 25.0.1706.4
MinimumVisualStudioVersion = 10.0.40219.1
Project("{FAE04EC0-301F-11D3-BF4B-00C04F79EFBC}") = "Parking", "Parking.csproj", "{3DA047BC-6AE3-499D-ABC5-BC897C870B0E}"
EndProject
Global
	GlobalSection(SolutionConfigurationPlatforms) = preSolution
		Debug|Any CPU = Debug|Any CPU
		Release|Any CPU = Release|Any CPU
	EndGlobalSection
	GlobalSection(ProjectConfigurationPlatforms) = postSolution
		{3DA047BC-6AE3-499D-ABC5-BC897C870B0E}.Debug|Any CPU.ActiveCfg = Debug|Any CPU
		{3DA047BC-6AE3-499D-ABC5-BC897C870B0E}.Debug|Any CPU.Build.0 = Debug|Any CPU
		{3DA047BC-6AE3-499D-ABC5-BC897C870B0E}.Release|Any CPU.ActiveCfg = Release|Any CPU
		{3DA047BC-6AE3-499D-ABC5-BC897C870B0E}.Release|Any CPU.Build.0 = Release|Any CPU
	EndGlobalSection
	GlobalSection(SolutionProperties) = preSolution
		HideSolutionNode = FALSE
	EndGlobalSection
	GlobalSection(ExtensibilityGlobals) = postSolution
		SolutionGuid = {4F7D7F11-9C6F-4525-9F8D-335FF0F2BB56}
	EndGlobalSection
EndGlobal
