
Microsoft Visual Studio Solution File, Format Version 12.00
# Visual Studio Version 16
VisualStudioVersion = 25.0.1706.4
MinimumVisualStudioVersion = 10.0.40219.1
Project("{FAE04EC0-301F-11D3-BF4B-00C04F79EFBC}") = "Scheduler", "Scheduler.csproj", "{0301CFA1-3716-4546-9C60-1AC5608924CD}"
EndProject
Global
	GlobalSection(SolutionConfigurationPlatforms) = preSolution
		Debug|Any CPU = Debug|Any CPU
		Release|Any CPU = Release|Any CPU
	EndGlobalSection
	GlobalSection(ProjectConfigurationPlatforms) = postSolution
		{0301CFA1-3716-4546-9C60-1AC5608924CD}.Debug|Any CPU.ActiveCfg = Debug|Any CPU
		{0301CFA1-3716-4546-9C60-1AC5608924CD}.Debug|Any CPU.Build.0 = Debug|Any CPU
		{0301CFA1-3716-4546-9C60-1AC5608924CD}.Release|Any CPU.ActiveCfg = Release|Any CPU
		{0301CFA1-3716-4546-9C60-1AC5608924CD}.Release|Any CPU.Build.0 = Release|Any CPU
	EndGlobalSection
	GlobalSection(SolutionProperties) = preSolution
		HideSolutionNode = FALSE
	EndGlobalSection
	GlobalSection(ExtensibilityGlobals) = postSolution
		SolutionGuid = {9B61B899-A832-48FE-974B-B6F161FD24D7}
	EndGlobalSection
EndGlobal
